
Microsoft Visual Studio Solution File, Format Version 12.00
# Visual Studio Version 17
VisualStudioVersion = 17.5.001.0
MinimumVisualStudioVersion = 10.0.40219.1
Project("{9A19103F-16F7-4668-BE54-9A1E7A4F7556}") = "LeetCode", "LeetCode\LeetCode.csproj", "{AF8AA81E-99A5-4C98-A2F3-EBDAD6F16476}"
EndProject
Project("{9A19103F-16F7-4668-BE54-9A1E7A4F7556}") = "2652", "2652\2652.csproj", "{B80B3AD9-8386-46A6-A598-00B42722D99D}"
EndProject
Project("{9A19103F-16F7-4668-BE54-9A1E7A4F7556}") = "1773", "1773\1773.csproj", "{3EADE3A9-D9FE-47C6-8AB9-E046C94B5D5F}"
EndProject
Project("{9A19103F-16F7-4668-BE54-9A1E7A4F7556}") = "1389", "1389\1389.csproj", "{17EDDEB5-093B-49F8-B3FD-3D6FCDC750CE}"
EndProject
Project("{9A19103F-16F7-4668-BE54-9A1E7A4F7556}") = "1816", "1816\1816.csproj", "{9A56FB5F-BACC-4798-9E87-B51836837317}"
EndProject
Project("{9A19103F-16F7-4668-BE54-9A1E7A4F7556}") = "804", "804\804.csproj", "{34E24BCA-97F9-4B55-B47D-8E30FCB9AF94}"
EndProject
Project("{9A19103F-16F7-4668-BE54-9A1E7A4F7556}") = "1662", "1662\1662.csproj", "{EF694462-DB4C-4DD1-9934-760C4637954D}"
EndProject
Project("{9A19103F-16F7-4668-BE54-9A1E7A4F7556}") = "1290", "1290\1290.csproj", "{F809F2FF-07EC-48B2-9D64-3986EC4138FF}"
EndProject
Project("{9A19103F-16F7-4668-BE54-9A1E7A4F7556}") = "1108", "1108\1108.csproj", "{AE1CD14A-65B5-448B-AEB3-9074EE82E145}"
EndProject
Project("{9A19103F-16F7-4668-BE54-9A1E7A4F7556}") = "2469", "2469\2469.csproj", "{5300A532-FB40-42FC-B446-028B16DCFBE9}"
EndProject
Project("{9A19103F-16F7-4668-BE54-9A1E7A4F7556}") = "771", "771\771.csproj", "{171E0FC2-B519-4818-BEC2-F948949D2C92}"
EndProject
Project("{FAE04EC0-301F-11D3-BF4B-00C04F79EFBC}") = "1603", "1603\1603.csproj", "{C1A2F1E2-140E-4EE7-A8A7-3BF268281385}"
EndProject
Global
	GlobalSection(SolutionConfigurationPlatforms) = preSolution
		Debug|Any CPU = Debug|Any CPU
		Release|Any CPU = Release|Any CPU
	EndGlobalSection
	GlobalSection(ProjectConfigurationPlatforms) = postSolution
		{AF8AA81E-99A5-4C98-A2F3-EBDAD6F16476}.Debug|Any CPU.ActiveCfg = Debug|Any CPU
		{AF8AA81E-99A5-4C98-A2F3-EBDAD6F16476}.Debug|Any CPU.Build.0 = Debug|Any CPU
		{AF8AA81E-99A5-4C98-A2F3-EBDAD6F16476}.Release|Any CPU.ActiveCfg = Release|Any CPU
		{AF8AA81E-99A5-4C98-A2F3-EBDAD6F16476}.Release|Any CPU.Build.0 = Release|Any CPU
		{B80B3AD9-8386-46A6-A598-00B42722D99D}.Debug|Any CPU.ActiveCfg = Debug|Any CPU
		{B80B3AD9-8386-46A6-A598-00B42722D99D}.Debug|Any CPU.Build.0 = Debug|Any CPU
		{B80B3AD9-8386-46A6-A598-00B42722D99D}.Release|Any CPU.ActiveCfg = Release|Any CPU
		{B80B3AD9-8386-46A6-A598-00B42722D99D}.Release|Any CPU.Build.0 = Release|Any CPU
		{3EADE3A9-D9FE-47C6-8AB9-E046C94B5D5F}.Debug|Any CPU.ActiveCfg = Debug|Any CPU
		{3EADE3A9-D9FE-47C6-8AB9-E046C94B5D5F}.Debug|Any CPU.Build.0 = Debug|Any CPU
		{3EADE3A9-D9FE-47C6-8AB9-E046C94B5D5F}.Release|Any CPU.ActiveCfg = Release|Any CPU
		{3EADE3A9-D9FE-47C6-8AB9-E046C94B5D5F}.Release|Any CPU.Build.0 = Release|Any CPU
		{17EDDEB5-093B-49F8-B3FD-3D6FCDC750CE}.Debug|Any CPU.ActiveCfg = Debug|Any CPU
		{17EDDEB5-093B-49F8-B3FD-3D6FCDC750CE}.Debug|Any CPU.Build.0 = Debug|Any CPU
		{17EDDEB5-093B-49F8-B3FD-3D6FCDC750CE}.Release|Any CPU.ActiveCfg = Release|Any CPU
		{17EDDEB5-093B-49F8-B3FD-3D6FCDC750CE}.Release|Any CPU.Build.0 = Release|Any CPU
		{9A56FB5F-BACC-4798-9E87-B51836837317}.Debug|Any CPU.ActiveCfg = Debug|Any CPU
		{9A56FB5F-BACC-4798-9E87-B51836837317}.Debug|Any CPU.Build.0 = Debug|Any CPU
		{9A56FB5F-BACC-4798-9E87-B51836837317}.Release|Any CPU.ActiveCfg = Release|Any CPU
		{9A56FB5F-BACC-4798-9E87-B51836837317}.Release|Any CPU.Build.0 = Release|Any CPU
		{34E24BCA-97F9-4B55-B47D-8E30FCB9AF94}.Debug|Any CPU.ActiveCfg = Debug|Any CPU
		{34E24BCA-97F9-4B55-B47D-8E30FCB9AF94}.Debug|Any CPU.Build.0 = Debug|Any CPU
		{34E24BCA-97F9-4B55-B47D-8E30FCB9AF94}.Release|Any CPU.ActiveCfg = Release|Any CPU
		{34E24BCA-97F9-4B55-B47D-8E30FCB9AF94}.Release|Any CPU.Build.0 = Release|Any CPU
		{EF694462-DB4C-4DD1-9934-760C4637954D}.Debug|Any CPU.ActiveCfg = Debug|Any CPU
		{EF694462-DB4C-4DD1-9934-760C4637954D}.Debug|Any CPU.Build.0 = Debug|Any CPU
		{EF694462-DB4C-4DD1-9934-760C4637954D}.Release|Any CPU.ActiveCfg = Release|Any CPU
		{EF694462-DB4C-4DD1-9934-760C4637954D}.Release|Any CPU.Build.0 = Release|Any CPU
		{F809F2FF-07EC-48B2-9D64-3986EC4138FF}.Debug|Any CPU.ActiveCfg = Debug|Any CPU
		{F809F2FF-07EC-48B2-9D64-3986EC4138FF}.Debug|Any CPU.Build.0 = Debug|Any CPU
		{F809F2FF-07EC-48B2-9D64-3986EC4138FF}.Release|Any CPU.ActiveCfg = Release|Any CPU
		{F809F2FF-07EC-48B2-9D64-3986EC4138FF}.Release|Any CPU.Build.0 = Release|Any CPU
		{AE1CD14A-65B5-448B-AEB3-9074EE82E145}.Debug|Any CPU.ActiveCfg = Debug|Any CPU
		{AE1CD14A-65B5-448B-AEB3-9074EE82E145}.Debug|Any CPU.Build.0 = Debug|Any CPU
		{AE1CD14A-65B5-448B-AEB3-9074EE82E145}.Release|Any CPU.ActiveCfg = Release|Any CPU
		{AE1CD14A-65B5-448B-AEB3-9074EE82E145}.Release|Any CPU.Build.0 = Release|Any CPU
		{5300A532-FB40-42FC-B446-028B16DCFBE9}.Debug|Any CPU.ActiveCfg = Debug|Any CPU
		{5300A532-FB40-42FC-B446-028B16DCFBE9}.Debug|Any CPU.Build.0 = Debug|Any CPU
		{5300A532-FB40-42FC-B446-028B16DCFBE9}.Release|Any CPU.ActiveCfg = Release|Any CPU
		{5300A532-FB40-42FC-B446-028B16DCFBE9}.Release|Any CPU.Build.0 = Release|Any CPU
		{171E0FC2-B519-4818-BEC2-F948949D2C92}.Debug|Any CPU.ActiveCfg = Debug|Any CPU
		{171E0FC2-B519-4818-BEC2-F948949D2C92}.Debug|Any CPU.Build.0 = Debug|Any CPU
		{171E0FC2-B519-4818-BEC2-F948949D2C92}.Release|Any CPU.ActiveCfg = Release|Any CPU
		{171E0FC2-B519-4818-BEC2-F948949D2C92}.Release|Any CPU.Build.0 = Release|Any CPU
		{C1A2F1E2-140E-4EE7-A8A7-3BF268281385}.Debug|Any CPU.ActiveCfg = Debug|Any CPU
		{C1A2F1E2-140E-4EE7-A8A7-3BF268281385}.Debug|Any CPU.Build.0 = Debug|Any CPU
		{C1A2F1E2-140E-4EE7-A8A7-3BF268281385}.Release|Any CPU.ActiveCfg = Release|Any CPU
		{C1A2F1E2-140E-4EE7-A8A7-3BF268281385}.Release|Any CPU.Build.0 = Release|Any CPU
	EndGlobalSection
	GlobalSection(SolutionProperties) = preSolution
		HideSolutionNode = FALSE
	EndGlobalSection
	GlobalSection(ExtensibilityGlobals) = postSolution
		SolutionGuid = {66142539-C9F6-4F6A-9AAD-0F4B563F10B0}
	EndGlobalSection
EndGlobal
